// !$*UTF8*$!
{
	archiveVersion = 1;
	classes = {
	};
	objectVersion = 50;
	objects = {

/* Begin PBXBuildFile section */
		5011728921F6006C00F9DD82 /* EdgeModel.swift in Sources */ = {isa = PBXBuildFile; fileRef = 5011728821F6006C00F9DD82 /* EdgeModel.swift */; };
		5011728B21F6027800F9DD82 /* EdgeMapModel.swift in Sources */ = {isa = PBXBuildFile; fileRef = 5011728A21F6027800F9DD82 /* EdgeMapModel.swift */; };
		501E3BD521FF6D8F004616AF /* AbstractNodeView.swift in Sources */ = {isa = PBXBuildFile; fileRef = 501E3BD421FF6D8F004616AF /* AbstractNodeView.swift */; };
		503E17CB21F2323200DD5EBA /* NodeMapModel.swift in Sources */ = {isa = PBXBuildFile; fileRef = 503E17CA21F2323200DD5EBA /* NodeMapModel.swift */; };
		503E17CD21F2326400DD5EBA /* NodeModel.swift in Sources */ = {isa = PBXBuildFile; fileRef = 503E17CC21F2326400DD5EBA /* NodeModel.swift */; };
		503E17CF21F2327800DD5EBA /* DescendantNodeView.swift in Sources */ = {isa = PBXBuildFile; fileRef = 503E17CE21F2327800DD5EBA /* DescendantNodeView.swift */; };
		5043EC0921FF31D700B98A6F /* AncestorNodeView.swift in Sources */ = {isa = PBXBuildFile; fileRef = 5043EC0821FF31D700B98A6F /* AncestorNodeView.swift */; };
		506443D221F1BADA0081994F /* AppDelegate.swift in Sources */ = {isa = PBXBuildFile; fileRef = 506443D121F1BADA0081994F /* AppDelegate.swift */; };
		506443D421F1BADA0081994F /* ViewController.swift in Sources */ = {isa = PBXBuildFile; fileRef = 506443D321F1BADA0081994F /* ViewController.swift */; };
		506443D921F1BADC0081994F /* Assets.xcassets in Resources */ = {isa = PBXBuildFile; fileRef = 506443D821F1BADC0081994F /* Assets.xcassets */; };
		506443E421F1BC350081994F /* CanvasView.swift in Sources */ = {isa = PBXBuildFile; fileRef = 506443E321F1BC350081994F /* CanvasView.swift */; };
		506443E621F1C1220081994F /* Container.swift in Sources */ = {isa = PBXBuildFile; fileRef = 506443E521F1C1220081994F /* Container.swift */; };
		509ABC4122019DAB001426C2 /* EdgeViewAndMenu.swift in Sources */ = {isa = PBXBuildFile; fileRef = 509ABC4022019DAB001426C2 /* EdgeViewAndMenu.swift */; };
		50AAD35021FAFA2000D3C73F /* MenuItemCell.swift in Sources */ = {isa = PBXBuildFile; fileRef = 50AAD34F21FAFA2000D3C73F /* MenuItemCell.swift */; };
		50B075D321FA246F008C1D0A /* MenuViewForDescendant.swift in Sources */ = {isa = PBXBuildFile; fileRef = 50B075D221FA246F008C1D0A /* MenuViewForDescendant.swift */; };
		50D7BFB72200CE96009A0E78 /* MenuViewForAncestor.swift in Sources */ = {isa = PBXBuildFile; fileRef = 50D7BFB62200CE96009A0E78 /* MenuViewForAncestor.swift */; };
/* End PBXBuildFile section */

/* Begin PBXFileReference section */
		5011728821F6006C00F9DD82 /* EdgeModel.swift */ = {isa = PBXFileReference; lastKnownFileType = sourcecode.swift; path = EdgeModel.swift; sourceTree = "<group>"; };
		5011728A21F6027800F9DD82 /* EdgeMapModel.swift */ = {isa = PBXFileReference; lastKnownFileType = sourcecode.swift; path = EdgeMapModel.swift; sourceTree = "<group>"; };
		501E3BD421FF6D8F004616AF /* AbstractNodeView.swift */ = {isa = PBXFileReference; lastKnownFileType = sourcecode.swift; path = AbstractNodeView.swift; sourceTree = "<group>"; };
		503E17CA21F2323200DD5EBA /* NodeMapModel.swift */ = {isa = PBXFileReference; lastKnownFileType = sourcecode.swift; path = NodeMapModel.swift; sourceTree = "<group>"; };
		503E17CC21F2326400DD5EBA /* NodeModel.swift */ = {isa = PBXFileReference; lastKnownFileType = sourcecode.swift; path = NodeModel.swift; sourceTree = "<group>"; };
		503E17CE21F2327800DD5EBA /* DescendantNodeView.swift */ = {isa = PBXFileReference; lastKnownFileType = sourcecode.swift; path = DescendantNodeView.swift; sourceTree = "<group>"; };
		5043EC0821FF31D700B98A6F /* AncestorNodeView.swift */ = {isa = PBXFileReference; lastKnownFileType = sourcecode.swift; path = AncestorNodeView.swift; sourceTree = "<group>"; };
		506443CE21F1BADA0081994F /* NodeAndEdgeView.app */ = {isa = PBXFileReference; explicitFileType = wrapper.application; includeInIndex = 0; path = NodeAndEdgeView.app; sourceTree = BUILT_PRODUCTS_DIR; };
		506443D121F1BADA0081994F /* AppDelegate.swift */ = {isa = PBXFileReference; lastKnownFileType = sourcecode.swift; path = AppDelegate.swift; sourceTree = "<group>"; };
		506443D321F1BADA0081994F /* ViewController.swift */ = {isa = PBXFileReference; lastKnownFileType = sourcecode.swift; path = ViewController.swift; sourceTree = "<group>"; };
		506443D821F1BADC0081994F /* Assets.xcassets */ = {isa = PBXFileReference; lastKnownFileType = folder.assetcatalog; path = Assets.xcassets; sourceTree = "<group>"; };
		506443DD21F1BADC0081994F /* Info.plist */ = {isa = PBXFileReference; lastKnownFileType = text.plist.xml; path = Info.plist; sourceTree = "<group>"; };
		506443E321F1BC350081994F /* CanvasView.swift */ = {isa = PBXFileReference; lastKnownFileType = sourcecode.swift; path = CanvasView.swift; sourceTree = "<group>"; };
		506443E521F1C1220081994F /* Container.swift */ = {isa = PBXFileReference; lastKnownFileType = sourcecode.swift; path = Container.swift; sourceTree = "<group>"; };
		509ABC4022019DAB001426C2 /* EdgeViewAndMenu.swift */ = {isa = PBXFileReference; lastKnownFileType = sourcecode.swift; path = EdgeViewAndMenu.swift; sourceTree = "<group>"; };
		50AAD34F21FAFA2000D3C73F /* MenuItemCell.swift */ = {isa = PBXFileReference; lastKnownFileType = sourcecode.swift; path = MenuItemCell.swift; sourceTree = "<group>"; };
		50B075D221FA246F008C1D0A /* MenuViewForDescendant.swift */ = {isa = PBXFileReference; lastKnownFileType = sourcecode.swift; path = MenuViewForDescendant.swift; sourceTree = "<group>"; };
		50D7BFB62200CE96009A0E78 /* MenuViewForAncestor.swift */ = {isa = PBXFileReference; lastKnownFileType = sourcecode.swift; path = MenuViewForAncestor.swift; sourceTree = "<group>"; };
/* End PBXFileReference section */

/* Begin PBXFrameworksBuildPhase section */
		506443CB21F1BADA0081994F /* Frameworks */ = {
			isa = PBXFrameworksBuildPhase;
			buildActionMask = 2147483647;
			files = (
			);
			runOnlyForDeploymentPostprocessing = 0;
		};
/* End PBXFrameworksBuildPhase section */

/* Begin PBXGroup section */
		506443C521F1BADA0081994F = {
			isa = PBXGroup;
			children = (
				506443D021F1BADA0081994F /* NodeAndEdgeView */,
				506443CF21F1BADA0081994F /* Products */,
			);
			sourceTree = "<group>";
		};
		506443CF21F1BADA0081994F /* Products */ = {
			isa = PBXGroup;
			children = (
				506443CE21F1BADA0081994F /* NodeAndEdgeView.app */,
			);
			name = Products;
			sourceTree = "<group>";
		};
		506443D021F1BADA0081994F /* NodeAndEdgeView */ = {
			isa = PBXGroup;
			children = (
				506443D121F1BADA0081994F /* AppDelegate.swift */,
				506443D321F1BADA0081994F /* ViewController.swift */,
				50D7BFB62200CE96009A0E78 /* MenuViewForAncestor.swift */,
				50B075D221FA246F008C1D0A /* MenuViewForDescendant.swift */,
				50AAD34F21FAFA2000D3C73F /* MenuItemCell.swift */,
				503E17CA21F2323200DD5EBA /* NodeMapModel.swift */,
				503E17CC21F2326400DD5EBA /* NodeModel.swift */,
				501E3BD421FF6D8F004616AF /* AbstractNodeView.swift */,
				503E17CE21F2327800DD5EBA /* DescendantNodeView.swift */,
				5043EC0821FF31D700B98A6F /* AncestorNodeView.swift */,
				5011728A21F6027800F9DD82 /* EdgeMapModel.swift */,
				5011728821F6006C00F9DD82 /* EdgeModel.swift */,
				509ABC4022019DAB001426C2 /* EdgeViewAndMenu.swift */,
				506443E321F1BC350081994F /* CanvasView.swift */,
				506443E521F1C1220081994F /* Container.swift */,
				506443D821F1BADC0081994F /* Assets.xcassets */,
				506443DD21F1BADC0081994F /* Info.plist */,
			);
			path = NodeAndEdgeView;
			sourceTree = "<group>";
		};
/* End PBXGroup section */

/* Begin PBXNativeTarget section */
		506443CD21F1BADA0081994F /* NodeAndEdgeView */ = {
			isa = PBXNativeTarget;
			buildConfigurationList = 506443E021F1BADC0081994F /* Build configuration list for PBXNativeTarget "NodeAndEdgeView" */;
			buildPhases = (
				506443CA21F1BADA0081994F /* Sources */,
				506443CB21F1BADA0081994F /* Frameworks */,
				506443CC21F1BADA0081994F /* Resources */,
			);
			buildRules = (
			);
			dependencies = (
			);
			name = NodeAndEdgeView;
			productName = NodeAndEdgeView;
			productReference = 506443CE21F1BADA0081994F /* NodeAndEdgeView.app */;
			productType = "com.apple.product-type.application";
		};
/* End PBXNativeTarget section */

/* Begin PBXProject section */
		506443C621F1BADA0081994F /* Project object */ = {
			isa = PBXProject;
			attributes = {
				LastSwiftUpdateCheck = 1010;
				LastUpgradeCheck = 1010;
				ORGANIZATIONNAME = Taro;
				TargetAttributes = {
					506443CD21F1BADA0081994F = {
						CreatedOnToolsVersion = 10.1;
					};
				};
			};
			buildConfigurationList = 506443C921F1BADA0081994F /* Build configuration list for PBXProject "NodeAndEdgeView" */;
			compatibilityVersion = "Xcode 9.3";
			developmentRegion = en;
			hasScannedForEncodings = 0;
			knownRegions = (
				en,
				Base,
			);
			mainGroup = 506443C521F1BADA0081994F;
			productRefGroup = 506443CF21F1BADA0081994F /* Products */;
			projectDirPath = "";
			projectRoot = "";
			targets = (
				506443CD21F1BADA0081994F /* NodeAndEdgeView */,
			);
		};
/* End PBXProject section */

/* Begin PBXResourcesBuildPhase section */
		506443CC21F1BADA0081994F /* Resources */ = {
			isa = PBXResourcesBuildPhase;
			buildActionMask = 2147483647;
			files = (
				506443D921F1BADC0081994F /* Assets.xcassets in Resources */,
			);
			runOnlyForDeploymentPostprocessing = 0;
		};
/* End PBXResourcesBuildPhase section */

/* Begin PBXSourcesBuildPhase section */
		506443CA21F1BADA0081994F /* Sources */ = {
			isa = PBXSourcesBuildPhase;
			buildActionMask = 2147483647;
			files = (
				5011728921F6006C00F9DD82 /* EdgeModel.swift in Sources */,
				506443D421F1BADA0081994F /* ViewController.swift in Sources */,
				5043EC0921FF31D700B98A6F /* AncestorNodeView.swift in Sources */,
				50D7BFB72200CE96009A0E78 /* MenuViewForAncestor.swift in Sources */,
				506443E621F1C1220081994F /* Container.swift in Sources */,
				503E17CB21F2323200DD5EBA /* NodeMapModel.swift in Sources */,
				506443D221F1BADA0081994F /* AppDelegate.swift in Sources */,
				5011728B21F6027800F9DD82 /* EdgeMapModel.swift in Sources */,
				506443E421F1BC350081994F /* CanvasView.swift in Sources */,
				501E3BD521FF6D8F004616AF /* AbstractNodeView.swift in Sources */,
				503E17CF21F2327800DD5EBA /* DescendantNodeView.swift in Sources */,
				50AAD35021FAFA2000D3C73F /* MenuItemCell.swift in Sources */,
				503E17CD21F2326400DD5EBA /* NodeModel.swift in Sources */,
				50B075D321FA246F008C1D0A /* MenuViewForDescendant.swift in Sources */,
				509ABC4122019DAB001426C2 /* EdgeViewAndMenu.swift in Sources */,
			);
			runOnlyForDeploymentPostprocessing = 0;
		};
/* End PBXSourcesBuildPhase section */

/* Begin XCBuildConfiguration section */
		506443DE21F1BADC0081994F /* Debug */ = {
			isa = XCBuildConfiguration;
			buildSettings = {
				ALWAYS_SEARCH_USER_PATHS = NO;
				CLANG_ANALYZER_NONNULL = YES;
				CLANG_ANALYZER_NUMBER_OBJECT_CONVERSION = YES_AGGRESSIVE;
				CLANG_CXX_LANGUAGE_STANDARD = "gnu++14";
				CLANG_CXX_LIBRARY = "libc++";
				CLANG_ENABLE_MODULES = YES;
				CLANG_ENABLE_OBJC_ARC = YES;
				CLANG_ENABLE_OBJC_WEAK = YES;
				CLANG_WARN_BLOCK_CAPTURE_AUTORELEASING = YES;
				CLANG_WARN_BOOL_CONVERSION = YES;
				CLANG_WARN_COMMA = YES;
				CLANG_WARN_CONSTANT_CONVERSION = YES;
				CLANG_WARN_DEPRECATED_OBJC_IMPLEMENTATIONS = YES;
				CLANG_WARN_DIRECT_OBJC_ISA_USAGE = YES_ERROR;
				CLANG_WARN_DOCUMENTATION_COMMENTS = YES;
				CLANG_WARN_EMPTY_BODY = YES;
				CLANG_WARN_ENUM_CONVERSION = YES;
				CLANG_WARN_INFINITE_RECURSION = YES;
				CLANG_WARN_INT_CONVERSION = YES;
				CLANG_WARN_NON_LITERAL_NULL_CONVERSION = YES;
				CLANG_WARN_OBJC_IMPLICIT_RETAIN_SELF = YES;
				CLANG_WARN_OBJC_LITERAL_CONVERSION = YES;
				CLANG_WARN_OBJC_ROOT_CLASS = YES_ERROR;
				CLANG_WARN_RANGE_LOOP_ANALYSIS = YES;
				CLANG_WARN_STRICT_PROTOTYPES = YES;
				CLANG_WARN_SUSPICIOUS_MOVE = YES;
				CLANG_WARN_UNGUARDED_AVAILABILITY = YES_AGGRESSIVE;
				CLANG_WARN_UNREACHABLE_CODE = YES;
				CLANG_WARN__DUPLICATE_METHOD_MATCH = YES;
				CODE_SIGN_IDENTITY = "iPhone Developer";
				COPY_PHASE_STRIP = NO;
				DEBUG_INFORMATION_FORMAT = dwarf;
				ENABLE_STRICT_OBJC_MSGSEND = YES;
				ENABLE_TESTABILITY = YES;
				GCC_C_LANGUAGE_STANDARD = gnu11;
				GCC_DYNAMIC_NO_PIC = NO;
				GCC_NO_COMMON_BLOCKS = YES;
				GCC_OPTIMIZATION_LEVEL = 0;
				GCC_PREPROCESSOR_DEFINITIONS = (
					"DEBUG=1",
					"$(inherited)",
				);
				GCC_WARN_64_TO_32_BIT_CONVERSION = YES;
				GCC_WARN_ABOUT_RETURN_TYPE = YES_ERROR;
				GCC_WARN_UNDECLARED_SELECTOR = YES;
				GCC_WARN_UNINITIALIZED_AUTOS = YES_AGGRESSIVE;
				GCC_WARN_UNUSED_FUNCTION = YES;
				GCC_WARN_UNUSED_VARIABLE = YES;
				IPHONEOS_DEPLOYMENT_TARGET = 12.1;
				MTL_ENABLE_DEBUG_INFO = INCLUDE_SOURCE;
				MTL_FAST_MATH = YES;
				ONLY_ACTIVE_ARCH = YES;
				SDKROOT = iphoneos;
				SWIFT_ACTIVE_COMPILATION_CONDITIONS = DEBUG;
				SWIFT_OPTIMIZATION_LEVEL = "-Onone";
			};
			name = Debug;
		};
		506443DF21F1BADC0081994F /* Release */ = {
			isa = XCBuildConfiguration;
			buildSettings = {
				ALWAYS_SEARCH_USER_PATHS = NO;
				CLANG_ANALYZER_NONNULL = YES;
				CLANG_ANALYZER_NUMBER_OBJECT_CONVERSION = YES_AGGRESSIVE;
				CLANG_CXX_LANGUAGE_STANDARD = "gnu++14";
				CLANG_CXX_LIBRARY = "libc++";
				CLANG_ENABLE_MODULES = YES;
				CLANG_ENABLE_OBJC_ARC = YES;
				CLANG_ENABLE_OBJC_WEAK = YES;
				CLANG_WARN_BLOCK_CAPTURE_AUTORELEASING = YES;
				CLANG_WARN_BOOL_CONVERSION = YES;
				CLANG_WARN_COMMA = YES;
				CLANG_WARN_CONSTANT_CONVERSION = YES;
				CLANG_WARN_DEPRECATED_OBJC_IMPLEMENTATIONS = YES;
				CLANG_WARN_DIRECT_OBJC_ISA_USAGE = YES_ERROR;
				CLANG_WARN_DOCUMENTATION_COMMENTS = YES;
				CLANG_WARN_EMPTY_BODY = YES;
				CLANG_WARN_ENUM_CONVERSION = YES;
				CLANG_WARN_INFINITE_RECURSION = YES;
				CLANG_WARN_INT_CONVERSION = YES;
				CLANG_WARN_NON_LITERAL_NULL_CONVERSION = YES;
				CLANG_WARN_OBJC_IMPLICIT_RETAIN_SELF = YES;
				CLANG_WARN_OBJC_LITERAL_CONVERSION = YES;
				CLANG_WARN_OBJC_ROOT_CLASS = YES_ERROR;
				CLANG_WARN_RANGE_LOOP_ANALYSIS = YES;
				CLANG_WARN_STRICT_PROTOTYPES = YES;
				CLANG_WARN_SUSPICIOUS_MOVE = YES;
				CLANG_WARN_UNGUARDED_AVAILABILITY = YES_AGGRESSIVE;
				CLANG_WARN_UNREACHABLE_CODE = YES;
				CLANG_WARN__DUPLICATE_METHOD_MATCH = YES;
				CODE_SIGN_IDENTITY = "iPhone Developer";
				COPY_PHASE_STRIP = NO;
				DEBUG_INFORMATION_FORMAT = "dwarf-with-dsym";
				ENABLE_NS_ASSERTIONS = NO;
				ENABLE_STRICT_OBJC_MSGSEND = YES;
				GCC_C_LANGUAGE_STANDARD = gnu11;
				GCC_NO_COMMON_BLOCKS = YES;
				GCC_WARN_64_TO_32_BIT_CONVERSION = YES;
				GCC_WARN_ABOUT_RETURN_TYPE = YES_ERROR;
				GCC_WARN_UNDECLARED_SELECTOR = YES;
				GCC_WARN_UNINITIALIZED_AUTOS = YES_AGGRESSIVE;
				GCC_WARN_UNUSED_FUNCTION = YES;
				GCC_WARN_UNUSED_VARIABLE = YES;
				IPHONEOS_DEPLOYMENT_TARGET = 12.1;
				MTL_ENABLE_DEBUG_INFO = NO;
				MTL_FAST_MATH = YES;
				SDKROOT = iphoneos;
				SWIFT_COMPILATION_MODE = wholemodule;
				SWIFT_OPTIMIZATION_LEVEL = "-O";
				VALIDATE_PRODUCT = YES;
			};
			name = Release;
		};
		506443E121F1BADC0081994F /* Debug */ = {
			isa = XCBuildConfiguration;
			buildSettings = {
				ASSETCATALOG_COMPILER_APPICON_NAME = AppIcon;
				CODE_SIGN_STYLE = Automatic;
				DEVELOPMENT_TEAM = 2H38Y695RH;
				INFOPLIST_FILE = NodeAndEdgeView/Info.plist;
				LD_RUNPATH_SEARCH_PATHS = (
					"$(inherited)",
					"@executable_path/Frameworks",
				);
				PRODUCT_BUNDLE_IDENTIFIER = Taro.NodeAndEdgeView;
				PRODUCT_NAME = "$(TARGET_NAME)";
				SWIFT_VERSION = 4.2;
				TARGETED_DEVICE_FAMILY = "1,2";
			};
			name = Debug;
		};
		506443E221F1BADC0081994F /* Release */ = {
			isa = XCBuildConfiguration;
			buildSettings = {
				ASSETCATALOG_COMPILER_APPICON_NAME = AppIcon;
				CODE_SIGN_STYLE = Automatic;
				DEVELOPMENT_TEAM = 2H38Y695RH;
				INFOPLIST_FILE = NodeAndEdgeView/Info.plist;
				LD_RUNPATH_SEARCH_PATHS = (
					"$(inherited)",
					"@executable_path/Frameworks",
				);
				PRODUCT_BUNDLE_IDENTIFIER = Taro.NodeAndEdgeView;
				PRODUCT_NAME = "$(TARGET_NAME)";
				SWIFT_VERSION = 4.2;
				TARGETED_DEVICE_FAMILY = "1,2";
			};
			name = Release;
		};
/* End XCBuildConfiguration section */

/* Begin XCConfigurationList section */
		506443C921F1BADA0081994F /* Build configuration list for PBXProject "NodeAndEdgeView" */ = {
			isa = XCConfigurationList;
			buildConfigurations = (
				506443DE21F1BADC0081994F /* Debug */,
				506443DF21F1BADC0081994F /* Release */,
			);
			defaultConfigurationIsVisible = 0;
			defaultConfigurationName = Release;
		};
		506443E021F1BADC0081994F /* Build configuration list for PBXNativeTarget "NodeAndEdgeView" */ = {
			isa = XCConfigurationList;
			buildConfigurations = (
				506443E121F1BADC0081994F /* Debug */,
				506443E221F1BADC0081994F /* Release */,
			);
			defaultConfigurationIsVisible = 0;
			defaultConfigurationName = Release;
		};
/* End XCConfigurationList section */
	};
	rootObject = 506443C621F1BADA0081994F /* Project object */;
}
